
Microsoft Visual Studio Solution File, Format Version 12.00
# Visual Studio 2012
Project("{E24C65DC-7377-472B-9ABA-BC803B73C61A}") = "ProvaRodrigoWebMod4", ".", "{A529A268-CAA3-4B6D-9D0D-AE10108A7672}"
	ProjectSection(WebsiteProperties) = preProject
		TargetFrameworkMoniker = ".NETFramework,Version%3Dv4.0"
		Debug.AspNetCompiler.VirtualPath = "/ProvaRodrigoWebMod4"
		Debug.AspNetCompiler.PhysicalPath = "..\ProvaRodrigoWebMod4\"
		Debug.AspNetCompiler.TargetPath = "PrecompiledWeb\ProvaRodrigoWebMod4\"
		Debug.AspNetCompiler.Updateable = "true"
		Debug.AspNetCompiler.ForceOverwrite = "true"
		Debug.AspNetCompiler.FixedNames = "false"
		Debug.AspNetCompiler.Debug = "True"
		Release.AspNetCompiler.VirtualPath = "/ProvaRodrigoWebMod4"
		Release.AspNetCompiler.PhysicalPath = "..\ProvaRodrigoWebMod4\"
		Release.AspNetCompiler.TargetPath = "PrecompiledWeb\ProvaRodrigoWebMod4\"
		Release.AspNetCompiler.Updateable = "true"
		Release.AspNetCompiler.ForceOverwrite = "true"
		Release.AspNetCompiler.FixedNames = "false"
		Release.AspNetCompiler.Debug = "False"
		VWDPort = "22305"
	EndProjectSection
EndProject
Project("{FAE04EC0-301F-11D3-BF4B-00C04F79EFBC}") = "BL", "Projects\BL\BL.csproj", "{2C89DC3F-346D-4DE7-9751-31D107BBF752}"
EndProject
Project("{FAE04EC0-301F-11D3-BF4B-00C04F79EFBC}") = "DAL", "Projects\DAL\DAL.csproj", "{07BA1FC4-4287-43B2-B174-F7F8C2D36C8E}"
EndProject
Global
	GlobalSection(SolutionConfigurationPlatforms) = preSolution
		Debug|Any CPU = Debug|Any CPU
		Release|Any CPU = Release|Any CPU
	EndGlobalSection
	GlobalSection(ProjectConfigurationPlatforms) = postSolution
		{A529A268-CAA3-4B6D-9D0D-AE10108A7672}.Debug|Any CPU.ActiveCfg = Debug|Any CPU
		{A529A268-CAA3-4B6D-9D0D-AE10108A7672}.Debug|Any CPU.Build.0 = Debug|Any CPU
		{A529A268-CAA3-4B6D-9D0D-AE10108A7672}.Release|Any CPU.ActiveCfg = Debug|Any CPU
		{A529A268-CAA3-4B6D-9D0D-AE10108A7672}.Release|Any CPU.Build.0 = Debug|Any CPU
		{2C89DC3F-346D-4DE7-9751-31D107BBF752}.Debug|Any CPU.ActiveCfg = Debug|Any CPU
		{2C89DC3F-346D-4DE7-9751-31D107BBF752}.Debug|Any CPU.Build.0 = Debug|Any CPU
		{2C89DC3F-346D-4DE7-9751-31D107BBF752}.Release|Any CPU.ActiveCfg = Release|Any CPU
		{2C89DC3F-346D-4DE7-9751-31D107BBF752}.Release|Any CPU.Build.0 = Release|Any CPU
		{07BA1FC4-4287-43B2-B174-F7F8C2D36C8E}.Debug|Any CPU.ActiveCfg = Debug|Any CPU
		{07BA1FC4-4287-43B2-B174-F7F8C2D36C8E}.Debug|Any CPU.Build.0 = Debug|Any CPU
		{07BA1FC4-4287-43B2-B174-F7F8C2D36C8E}.Release|Any CPU.ActiveCfg = Release|Any CPU
		{07BA1FC4-4287-43B2-B174-F7F8C2D36C8E}.Release|Any CPU.Build.0 = Release|Any CPU
	EndGlobalSection
	GlobalSection(SolutionProperties) = preSolution
		HideSolutionNode = FALSE
	EndGlobalSection
EndGlobal
